
Microsoft Visual Studio Solution File, Format Version 12.00
# Visual Studio Version 17
VisualStudioVersion = 17.0.31903.59
MinimumVisualStudioVersion = 10.0.40219.1
Project("{FAE04EC0-301F-11D3-BF4B-00C04F79EFBC}") = "exercise.Model", "exercise.Model\exercise.Model.csproj", "{54ECABDB-020C-45AE-A187-D8D1F0C5278C}"
EndProject
Project("{FAE04EC0-301F-11D3-BF4B-00C04F79EFBC}") = "exercise.Controller", "exercise.API\exercise.Controller.csproj", "{ABA9A689-A518-4112-B2A4-FAA422D480CE}"
EndProject
Global
	GlobalSection(SolutionConfigurationPlatforms) = preSolution
		Debug|Any CPU = Debug|Any CPU
		Release|Any CPU = Release|Any CPU
	EndGlobalSection
	GlobalSection(ProjectConfigurationPlatforms) = postSolution
		{54ECABDB-020C-45AE-A187-D8D1F0C5278C}.Debug|Any CPU.ActiveCfg = Debug|Any CPU
		{54ECABDB-020C-45AE-A187-D8D1F0C5278C}.Debug|Any CPU.Build.0 = Debug|Any CPU
		{54ECABDB-020C-45AE-A187-D8D1F0C5278C}.Release|Any CPU.ActiveCfg = Release|Any CPU
		{54ECABDB-020C-45AE-A187-D8D1F0C5278C}.Release|Any CPU.Build.0 = Release|Any CPU
		{ABA9A689-A518-4112-B2A4-FAA422D480CE}.Debug|Any CPU.ActiveCfg = Debug|Any CPU
		{ABA9A689-A518-4112-B2A4-FAA422D480CE}.Debug|Any CPU.Build.0 = Debug|Any CPU
		{ABA9A689-A518-4112-B2A4-FAA422D480CE}.Release|Any CPU.ActiveCfg = Release|Any CPU
		{ABA9A689-A518-4112-B2A4-FAA422D480CE}.Release|Any CPU.Build.0 = Release|Any CPU
	EndGlobalSection
	GlobalSection(SolutionProperties) = preSolution
		HideSolutionNode = FALSE
	EndGlobalSection
	GlobalSection(ExtensibilityGlobals) = postSolution
		SolutionGuid = {7983035F-66CC-4071-9A59-E87EF1F5D9A7}
	EndGlobalSection
EndGlobal
